// !$*UTF8*$!
{
	archiveVersion = 1;
	classes = {
	};
	objectVersion = 46;
	objects = {

/* Begin PBXBuildFile section */
		CA7F897A1E56BD7000D02938 /* AppDelegate.swift in Sources */ = {isa = PBXBuildFile; fileRef = CA7F89791E56BD7000D02938 /* AppDelegate.swift */; };
		CA7F897C1E56BD7000D02938 /* ViewController.swift in Sources */ = {isa = PBXBuildFile; fileRef = CA7F897B1E56BD7000D02938 /* ViewController.swift */; };
		CA7F897F1E56BD7000D02938 /* Main.storyboard in Resources */ = {isa = PBXBuildFile; fileRef = CA7F897D1E56BD7000D02938 /* Main.storyboard */; };
		CA7F89811E56BD7000D02938 /* Assets.xcassets in Resources */ = {isa = PBXBuildFile; fileRef = CA7F89801E56BD7000D02938 /* Assets.xcassets */; };
		CA7F89841E56BD7000D02938 /* LaunchScreen.storyboard in Resources */ = {isa = PBXBuildFile; fileRef = CA7F89821E56BD7000D02938 /* LaunchScreen.storyboard */; };
		CA7F898F1E56BD7000D02938 /* SegueanddelegateSwiftTests.swift in Sources */ = {isa = PBXBuildFile; fileRef = CA7F898E1E56BD7000D02938 /* SegueanddelegateSwiftTests.swift */; };
		CA7F899A1E56BD7000D02938 /* SegueanddelegateSwiftUITests.swift in Sources */ = {isa = PBXBuildFile; fileRef = CA7F89991E56BD7000D02938 /* SegueanddelegateSwiftUITests.swift */; };
/* End PBXBuildFile section */

/* Begin PBXContainerItemProxy section */
		CA7F898B1E56BD7000D02938 /* PBXContainerItemProxy */ = {
			isa = PBXContainerItemProxy;
			containerPortal = CA7F896E1E56BD7000D02938 /* Project object */;
			proxyType = 1;
			remoteGlobalIDString = CA7F89751E56BD7000D02938;
			remoteInfo = SegueanddelegateSwift;
		};
		CA7F89961E56BD7000D02938 /* PBXContainerItemProxy */ = {
			isa = PBXContainerItemProxy;
			containerPortal = CA7F896E1E56BD7000D02938 /* Project object */;
			proxyType = 1;
			remoteGlobalIDString = CA7F89751E56BD7000D02938;
			remoteInfo = SegueanddelegateSwift;
		};
/* End PBXContainerItemProxy section */

/* Begin PBXFileReference section */
		CA7F89761E56BD7000D02938 /* SegueanddelegateSwift.app */ = {isa = PBXFileReference; explicitFileType = wrapper.application; includeInIndex = 0; path = SegueanddelegateSwift.app; sourceTree = BUILT_PRODUCTS_DIR; };
		CA7F89791E56BD7000D02938 /* AppDelegate.swift */ = {isa = PBXFileReference; lastKnownFileType = sourcecode.swift; path = AppDelegate.swift; sourceTree = "<group>"; };
		CA7F897B1E56BD7000D02938 /* ViewController.swift */ = {isa = PBXFileReference; lastKnownFileType = sourcecode.swift; path = ViewController.swift; sourceTree = "<group>"; };
		CA7F897E1E56BD7000D02938 /* Base */ = {isa = PBXFileReference; lastKnownFileType = file.storyboard; name = Base; path = Base.lproj/Main.storyboard; sourceTree = "<group>"; };
		CA7F89801E56BD7000D02938 /* Assets.xcassets */ = {isa = PBXFileReference; lastKnownFileType = folder.assetcatalog; path = Assets.xcassets; sourceTree = "<group>"; };
		CA7F89831E56BD7000D02938 /* Base */ = {isa = PBXFileReference; lastKnownFileType = file.storyboard; name = Base; path = Base.lproj/LaunchScreen.storyboard; sourceTree = "<group>"; };
		CA7F89851E56BD7000D02938 /* Info.plist */ = {isa = PBXFileReference; lastKnownFileType = text.plist.xml; path = Info.plist; sourceTree = "<group>"; };
		CA7F898A1E56BD7000D02938 /* SegueanddelegateSwiftTests.xctest */ = {isa = PBXFileReference; explicitFileType = wrapper.cfbundle; includeInIndex = 0; path = SegueanddelegateSwiftTests.xctest; sourceTree = BUILT_PRODUCTS_DIR; };
		CA7F898E1E56BD7000D02938 /* SegueanddelegateSwiftTests.swift */ = {isa = PBXFileReference; lastKnownFileType = sourcecode.swift; path = SegueanddelegateSwiftTests.swift; sourceTree = "<group>"; };
		CA7F89901E56BD7000D02938 /* Info.plist */ = {isa = PBXFileReference; lastKnownFileType = text.plist.xml; path = Info.plist; sourceTree = "<group>"; };
		CA7F89951E56BD7000D02938 /* SegueanddelegateSwiftUITests.xctest */ = {isa = PBXFileReference; explicitFileType = wrapper.cfbundle; includeInIndex = 0; path = SegueanddelegateSwiftUITests.xctest; sourceTree = BUILT_PRODUCTS_DIR; };
		CA7F89991E56BD7000D02938 /* SegueanddelegateSwiftUITests.swift */ = {isa = PBXFileReference; lastKnownFileType = sourcecode.swift; path = SegueanddelegateSwiftUITests.swift; sourceTree = "<group>"; };
		CA7F899B1E56BD7000D02938 /* Info.plist */ = {isa = PBXFileReference; lastKnownFileType = text.plist.xml; path = Info.plist; sourceTree = "<group>"; };
/* End PBXFileReference section */

/* Begin PBXFrameworksBuildPhase section */
		CA7F89731E56BD7000D02938 /* Frameworks */ = {
			isa = PBXFrameworksBuildPhase;
			buildActionMask = 2147483647;
			files = (
			);
			runOnlyForDeploymentPostprocessing = 0;
		};
		CA7F89871E56BD7000D02938 /* Frameworks */ = {
			isa = PBXFrameworksBuildPhase;
			buildActionMask = 2147483647;
			files = (
			);
			runOnlyForDeploymentPostprocessing = 0;
		};
		CA7F89921E56BD7000D02938 /* Frameworks */ = {
			isa = PBXFrameworksBuildPhase;
			buildActionMask = 2147483647;
			files = (
			);
			runOnlyForDeploymentPostprocessing = 0;
		};
/* End PBXFrameworksBuildPhase section */

/* Begin PBXGroup section */
		CA7F896D1E56BD7000D02938 = {
			isa = PBXGroup;
			children = (
				CA7F89781E56BD7000D02938 /* SegueanddelegateSwift */,
				CA7F898D1E56BD7000D02938 /* SegueanddelegateSwiftTests */,
				CA7F89981E56BD7000D02938 /* SegueanddelegateSwiftUITests */,
				CA7F89771E56BD7000D02938 /* Products */,
			);
			sourceTree = "<group>";
		};
		CA7F89771E56BD7000D02938 /* Products */ = {
			isa = PBXGroup;
			children = (
				CA7F89761E56BD7000D02938 /* SegueanddelegateSwift.app */,
				CA7F898A1E56BD7000D02938 /* SegueanddelegateSwiftTests.xctest */,
				CA7F89951E56BD7000D02938 /* SegueanddelegateSwiftUITests.xctest */,
			);
			name = Products;
			sourceTree = "<group>";
		};
		CA7F89781E56BD7000D02938 /* SegueanddelegateSwift */ = {
			isa = PBXGroup;
			children = (
				CA7F89791E56BD7000D02938 /* AppDelegate.swift */,
				CA7F897B1E56BD7000D02938 /* ViewController.swift */,
				CA7F897D1E56BD7000D02938 /* Main.storyboard */,
				CA7F89801E56BD7000D02938 /* Assets.xcassets */,
				CA7F89821E56BD7000D02938 /* LaunchScreen.storyboard */,
				CA7F89851E56BD7000D02938 /* Info.plist */,
			);
			path = SegueanddelegateSwift;
			sourceTree = "<group>";
		};
		CA7F898D1E56BD7000D02938 /* SegueanddelegateSwiftTests */ = {
			isa = PBXGroup;
			children = (
				CA7F898E1E56BD7000D02938 /* SegueanddelegateSwiftTests.swift */,
				CA7F89901E56BD7000D02938 /* Info.plist */,
			);
			path = SegueanddelegateSwiftTests;
			sourceTree = "<group>";
		};
		CA7F89981E56BD7000D02938 /* SegueanddelegateSwiftUITests */ = {
			isa = PBXGroup;
			children = (
				CA7F89991E56BD7000D02938 /* SegueanddelegateSwiftUITests.swift */,
				CA7F899B1E56BD7000D02938 /* Info.plist */,
			);
			path = SegueanddelegateSwiftUITests;
			sourceTree = "<group>";
		};
/* End PBXGroup section */

/* Begin PBXNativeTarget section */
		CA7F89751E56BD7000D02938 /* SegueanddelegateSwift */ = {
			isa = PBXNativeTarget;
			buildConfigurationList = CA7F899E1E56BD7000D02938 /* Build configuration list for PBXNativeTarget "SegueanddelegateSwift" */;
			buildPhases = (
				CA7F89721E56BD7000D02938 /* Sources */,
				CA7F89731E56BD7000D02938 /* Frameworks */,
				CA7F89741E56BD7000D02938 /* Resources */,
			);
			buildRules = (
			);
			dependencies = (
			);
			name = SegueanddelegateSwift;
			productName = SegueanddelegateSwift;
			productReference = CA7F89761E56BD7000D02938 /* SegueanddelegateSwift.app */;
			productType = "com.apple.product-type.application";
		};
		CA7F89891E56BD7000D02938 /* SegueanddelegateSwiftTests */ = {
			isa = PBXNativeTarget;
			buildConfigurationList = CA7F89A11E56BD7000D02938 /* Build configuration list for PBXNativeTarget "SegueanddelegateSwiftTests" */;
			buildPhases = (
				CA7F89861E56BD7000D02938 /* Sources */,
				CA7F89871E56BD7000D02938 /* Frameworks */,
				CA7F89881E56BD7000D02938 /* Resources */,
			);
			buildRules = (
			);
			dependencies = (
				CA7F898C1E56BD7000D02938 /* PBXTargetDependency */,
			);
			name = SegueanddelegateSwiftTests;
			productName = SegueanddelegateSwiftTests;
			productReference = CA7F898A1E56BD7000D02938 /* SegueanddelegateSwiftTests.xctest */;
			productType = "com.apple.product-type.bundle.unit-test";
		};
		CA7F89941E56BD7000D02938 /* SegueanddelegateSwiftUITests */ = {
			isa = PBXNativeTarget;
			buildConfigurationList = CA7F89A41E56BD7000D02938 /* Build configuration list for PBXNativeTarget "SegueanddelegateSwiftUITests" */;
			buildPhases = (
				CA7F89911E56BD7000D02938 /* Sources */,
				CA7F89921E56BD7000D02938 /* Frameworks */,
				CA7F89931E56BD7000D02938 /* Resources */,
			);
			buildRules = (
			);
			dependencies = (
				CA7F89971E56BD7000D02938 /* PBXTargetDependency */,
			);
			name = SegueanddelegateSwiftUITests;
			productName = SegueanddelegateSwiftUITests;
			productReference = CA7F89951E56BD7000D02938 /* SegueanddelegateSwiftUITests.xctest */;
			productType = "com.apple.product-type.bundle.ui-testing";
		};
/* End PBXNativeTarget section */

/* Begin PBXProject section */
		CA7F896E1E56BD7000D02938 /* Project object */ = {
			isa = PBXProject;
			attributes = {
				LastSwiftUpdateCheck = 0820;
				LastUpgradeCheck = 0820;
				ORGANIZATIONNAME = "Steven Curtis";
				TargetAttributes = {
					CA7F89751E56BD7000D02938 = {
						CreatedOnToolsVersion = 8.2.1;
						DevelopmentTeam = UW69ZFFDZJ;
						ProvisioningStyle = Automatic;
					};
					CA7F89891E56BD7000D02938 = {
						CreatedOnToolsVersion = 8.2.1;
						DevelopmentTeam = UW69ZFFDZJ;
						ProvisioningStyle = Automatic;
						TestTargetID = CA7F89751E56BD7000D02938;
					};
					CA7F89941E56BD7000D02938 = {
						CreatedOnToolsVersion = 8.2.1;
						DevelopmentTeam = UW69ZFFDZJ;
						ProvisioningStyle = Automatic;
						TestTargetID = CA7F89751E56BD7000D02938;
					};
				};
			};
			buildConfigurationList = CA7F89711E56BD7000D02938 /* Build configuration list for PBXProject "SegueanddelegateSwift" */;
			compatibilityVersion = "Xcode 3.2";
			developmentRegion = English;
			hasScannedForEncodings = 0;
			knownRegions = (
				en,
				Base,
			);
			mainGroup = CA7F896D1E56BD7000D02938;
			productRefGroup = CA7F89771E56BD7000D02938 /* Products */;
			projectDirPath = "";
			projectRoot = "";
			targets = (
				CA7F89751E56BD7000D02938 /* SegueanddelegateSwift */,
				CA7F89891E56BD7000D02938 /* SegueanddelegateSwiftTests */,
				CA7F89941E56BD7000D02938 /* SegueanddelegateSwiftUITests */,
			);
		};
/* End PBXProject section */

/* Begin PBXResourcesBuildPhase section */
		CA7F89741E56BD7000D02938 /* Resources */ = {
			isa = PBXResourcesBuildPhase;
			buildActionMask = 2147483647;
			files = (
				CA7F89841E56BD7000D02938 /* LaunchScreen.storyboard in Resources */,
				CA7F89811E56BD7000D02938 /* Assets.xcassets in Resources */,
				CA7F897F1E56BD7000D02938 /* Main.storyboard in Resources */,
			);
			runOnlyForDeploymentPostprocessing = 0;
		};
		CA7F89881E56BD7000D02938 /* Resources */ = {
			isa = PBXResourcesBuildPhase;
			buildActionMask = 2147483647;
			files = (
			);
			runOnlyForDeploymentPostprocessing = 0;
		};
		CA7F89931E56BD7000D02938 /* Resources */ = {
			isa = PBXResourcesBuildPhase;
			buildActionMask = 2147483647;
			files = (
			);
			runOnlyForDeploymentPostprocessing = 0;
		};
/* End PBXResourcesBuildPhase section */

/* Begin PBXSourcesBuildPhase section */
		CA7F89721E56BD7000D02938 /* Sources */ = {
			isa = PBXSourcesBuildPhase;
			buildActionMask = 2147483647;
			files = (
				CA7F897C1E56BD7000D02938 /* ViewController.swift in Sources */,
				CA7F897A1E56BD7000D02938 /* AppDelegate.swift in Sources */,
			);
			runOnlyForDeploymentPostprocessing = 0;
		};
		CA7F89861E56BD7000D02938 /* Sources */ = {
			isa = PBXSourcesBuildPhase;
			buildActionMask = 2147483647;
			files = (
				CA7F898F1E56BD7000D02938 /* SegueanddelegateSwiftTests.swift in Sources */,
			);
			runOnlyForDeploymentPostprocessing = 0;
		};
		CA7F89911E56BD7000D02938 /* Sources */ = {
			isa = PBXSourcesBuildPhase;
			buildActionMask = 2147483647;
			files = (
				CA7F899A1E56BD7000D02938 /* SegueanddelegateSwiftUITests.swift in Sources */,
			);
			runOnlyForDeploymentPostprocessing = 0;
		};
/* End PBXSourcesBuildPhase section */

/* Begin PBXTargetDependency section */
		CA7F898C1E56BD7000D02938 /* PBXTargetDependency */ = {
			isa = PBXTargetDependency;
			target = CA7F89751E56BD7000D02938 /* SegueanddelegateSwift */;
			targetProxy = CA7F898B1E56BD7000D02938 /* PBXContainerItemProxy */;
		};
		CA7F89971E56BD7000D02938 /* PBXTargetDependency */ = {
			isa = PBXTargetDependency;
			target = CA7F89751E56BD7000D02938 /* SegueanddelegateSwift */;
			targetProxy = CA7F89961E56BD7000D02938 /* PBXContainerItemProxy */;
		};
/* End PBXTargetDependency section */

/* Begin PBXVariantGroup section */
		CA7F897D1E56BD7000D02938 /* Main.storyboard */ = {
			isa = PBXVariantGroup;
			children = (
				CA7F897E1E56BD7000D02938 /* Base */,
			);
			name = Main.storyboard;
			sourceTree = "<group>";
		};
		CA7F89821E56BD7000D02938 /* LaunchScreen.storyboard */ = {
			isa = PBXVariantGroup;
			children = (
				CA7F89831E56BD7000D02938 /* Base */,
			);
			name = LaunchScreen.storyboard;
			sourceTree = "<group>";
		};
/* End PBXVariantGroup section */

/* Begin XCBuildConfiguration section */
		CA7F899C1E56BD7000D02938 /* Debug */ = {
			isa = XCBuildConfiguration;
			buildSettings = {
				ALWAYS_SEARCH_USER_PATHS = NO;
				CLANG_ANALYZER_NONNULL = YES;
				CLANG_CXX_LANGUAGE_STANDARD = "gnu++0x";
				CLANG_CXX_LIBRARY = "libc++";
				CLANG_ENABLE_MODULES = YES;
				CLANG_ENABLE_OBJC_ARC = YES;
				CLANG_WARN_BOOL_CONVERSION = YES;
				CLANG_WARN_CONSTANT_CONVERSION = YES;
				CLANG_WARN_DIRECT_OBJC_ISA_USAGE = YES_ERROR;
				CLANG_WARN_DOCUMENTATION_COMMENTS = YES;
				CLANG_WARN_EMPTY_BODY = YES;
				CLANG_WARN_ENUM_CONVERSION = YES;
				CLANG_WARN_INFINITE_RECURSION = YES;
				CLANG_WARN_INT_CONVERSION = YES;
				CLANG_WARN_OBJC_ROOT_CLASS = YES_ERROR;
				CLANG_WARN_SUSPICIOUS_MOVE = YES;
				CLANG_WARN_UNREACHABLE_CODE = YES;
				CLANG_WARN__DUPLICATE_METHOD_MATCH = YES;
				"CODE_SIGN_IDENTITY[sdk=iphoneos*]" = "iPhone Developer";
				COPY_PHASE_STRIP = NO;
				DEBUG_INFORMATION_FORMAT = dwarf;
				ENABLE_STRICT_OBJC_MSGSEND = YES;
				ENABLE_TESTABILITY = YES;
				GCC_C_LANGUAGE_STANDARD = gnu99;
				GCC_DYNAMIC_NO_PIC = NO;
				GCC_NO_COMMON_BLOCKS = YES;
				GCC_OPTIMIZATION_LEVEL = 0;
				GCC_PREPROCESSOR_DEFINITIONS = (
					"DEBUG=1",
					"$(inherited)",
				);
				GCC_WARN_64_TO_32_BIT_CONVERSION = YES;
				GCC_WARN_ABOUT_RETURN_TYPE = YES_ERROR;
				GCC_WARN_UNDECLARED_SELECTOR = YES;
				GCC_WARN_UNINITIALIZED_AUTOS = YES_AGGRESSIVE;
				GCC_WARN_UNUSED_FUNCTION = YES;
				GCC_WARN_UNUSED_VARIABLE = YES;
				IPHONEOS_DEPLOYMENT_TARGET = 10.2;
				MTL_ENABLE_DEBUG_INFO = YES;
				ONLY_ACTIVE_ARCH = YES;
				SDKROOT = iphoneos;
				SWIFT_ACTIVE_COMPILATION_CONDITIONS = DEBUG;
				SWIFT_OPTIMIZATION_LEVEL = "-Onone";
				TARGETED_DEVICE_FAMILY = "1,2";
			};
			name = Debug;
		};
		CA7F899D1E56BD7000D02938 /* Release */ = {
			isa = XCBuildConfiguration;
			buildSettings = {
				ALWAYS_SEARCH_USER_PATHS = NO;
				CLANG_ANALYZER_NONNULL = YES;
				CLANG_CXX_LANGUAGE_STANDARD = "gnu++0x";
				CLANG_CXX_LIBRARY = "libc++";
				CLANG_ENABLE_MODULES = YES;
				CLANG_ENABLE_OBJC_ARC = YES;
				CLANG_WARN_BOOL_CONVERSION = YES;
				CLANG_WARN_CONSTANT_CONVERSION = YES;
				CLANG_WARN_DIRECT_OBJC_ISA_USAGE = YES_ERROR;
				CLANG_WARN_DOCUMENTATION_COMMENTS = YES;
				CLANG_WARN_EMPTY_BODY = YES;
				CLANG_WARN_ENUM_CONVERSION = YES;
				CLANG_WARN_INFINITE_RECURSION = YES;
				CLANG_WARN_INT_CONVERSION = YES;
				CLANG_WARN_OBJC_ROOT_CLASS = YES_ERROR;
				CLANG_WARN_SUSPICIOUS_MOVE = YES;
				CLANG_WARN_UNREACHABLE_CODE = YES;
				CLANG_WARN__DUPLICATE_METHOD_MATCH = YES;
				"CODE_SIGN_IDENTITY[sdk=iphoneos*]" = "iPhone Developer";
				COPY_PHASE_STRIP = NO;
				DEBUG_INFORMATION_FORMAT = "dwarf-with-dsym";
				ENABLE_NS_ASSERTIONS = NO;
				ENABLE_STRICT_OBJC_MSGSEND = YES;
				GCC_C_LANGUAGE_STANDARD = gnu99;
				GCC_NO_COMMON_BLOCKS = YES;
				GCC_WARN_64_TO_32_BIT_CONVERSION = YES;
				GCC_WARN_ABOUT_RETURN_TYPE = YES_ERROR;
				GCC_WARN_UNDECLARED_SELECTOR = YES;
				GCC_WARN_UNINITIALIZED_AUTOS = YES_AGGRESSIVE;
				GCC_WARN_UNUSED_FUNCTION = YES;
				GCC_WARN_UNUSED_VARIABLE = YES;
				IPHONEOS_DEPLOYMENT_TARGET = 10.2;
				MTL_ENABLE_DEBUG_INFO = NO;
				SDKROOT = iphoneos;
				SWIFT_OPTIMIZATION_LEVEL = "-Owholemodule";
				TARGETED_DEVICE_FAMILY = "1,2";
				VALIDATE_PRODUCT = YES;
			};
			name = Release;
		};
		CA7F899F1E56BD7000D02938 /* Debug */ = {
			isa = XCBuildConfiguration;
			buildSettings = {
				ASSETCATALOG_COMPILER_APPICON_NAME = AppIcon;
				DEVELOPMENT_TEAM = UW69ZFFDZJ;
				INFOPLIST_FILE = SegueanddelegateSwift/Info.plist;
				LD_RUNPATH_SEARCH_PATHS = "$(inherited) @executable_path/Frameworks";
				PRODUCT_BUNDLE_IDENTIFIER = com.techbeyond.SegueanddelegateSwift;
				PRODUCT_NAME = "$(TARGET_NAME)";
				SWIFT_VERSION = 3.0;
			};
			name = Debug;
		};
		CA7F89A01E56BD7000D02938 /* Release */ = {
			isa = XCBuildConfiguration;
			buildSettings = {
				ASSETCATALOG_COMPILER_APPICON_NAME = AppIcon;
				DEVELOPMENT_TEAM = UW69ZFFDZJ;
				INFOPLIST_FILE = SegueanddelegateSwift/Info.plist;
				LD_RUNPATH_SEARCH_PATHS = "$(inherited) @executable_path/Frameworks";
				PRODUCT_BUNDLE_IDENTIFIER = com.techbeyond.SegueanddelegateSwift;
				PRODUCT_NAME = "$(TARGET_NAME)";
				SWIFT_VERSION = 3.0;
			};
			name = Release;
		};
		CA7F89A21E56BD7000D02938 /* Debug */ = {
			isa = XCBuildConfiguration;
			buildSettings = {
				ALWAYS_EMBED_SWIFT_STANDARD_LIBRARIES = YES;
				BUNDLE_LOADER = "$(TEST_HOST)";
				DEVELOPMENT_TEAM = UW69ZFFDZJ;
				INFOPLIST_FILE = SegueanddelegateSwiftTests/Info.plist;
				LD_RUNPATH_SEARCH_PATHS = "$(inherited) @executable_path/Frameworks @loader_path/Frameworks";
				PRODUCT_BUNDLE_IDENTIFIER = com.techbeyond.SegueanddelegateSwiftTests;
				PRODUCT_NAME = "$(TARGET_NAME)";
				SWIFT_VERSION = 3.0;
				TEST_HOST = "$(BUILT_PRODUCTS_DIR)/SegueanddelegateSwift.app/SegueanddelegateSwift";
			};
			name = Debug;
		};
		CA7F89A31E56BD7000D02938 /* Release */ = {
			isa = XCBuildConfiguration;
			buildSettings = {
				ALWAYS_EMBED_SWIFT_STANDARD_LIBRARIES = YES;
				BUNDLE_LOADER = "$(TEST_HOST)";
				DEVELOPMENT_TEAM = UW69ZFFDZJ;
				INFOPLIST_FILE = SegueanddelegateSwiftTests/Info.plist;
				LD_RUNPATH_SEARCH_PATHS = "$(inherited) @executable_path/Frameworks @loader_path/Frameworks";
				PRODUCT_BUNDLE_IDENTIFIER = com.techbeyond.SegueanddelegateSwiftTests;
				PRODUCT_NAME = "$(TARGET_NAME)";
				SWIFT_VERSION = 3.0;
				TEST_HOST = "$(BUILT_PRODUCTS_DIR)/SegueanddelegateSwift.app/SegueanddelegateSwift";
			};
			name = Release;
		};
		CA7F89A51E56BD7000D02938 /* Debug */ = {
			isa = XCBuildConfiguration;
			buildSettings = {
				ALWAYS_EMBED_SWIFT_STANDARD_LIBRARIES = YES;
				DEVELOPMENT_TEAM = UW69ZFFDZJ;
				INFOPLIST_FILE = SegueanddelegateSwiftUITests/Info.plist;
				LD_RUNPATH_SEARCH_PATHS = "$(inherited) @executable_path/Frameworks @loader_path/Frameworks";
				PRODUCT_BUNDLE_IDENTIFIER = com.techbeyond.SegueanddelegateSwiftUITests;
				PRODUCT_NAME = "$(TARGET_NAME)";
				SWIFT_VERSION = 3.0;
				TEST_TARGET_NAME = SegueanddelegateSwift;
			};
			name = Debug;
		};
		CA7F89A61E56BD7000D02938 /* Release */ = {
			isa = XCBuildConfiguration;
			buildSettings = {
				ALWAYS_EMBED_SWIFT_STANDARD_LIBRARIES = YES;
				DEVELOPMENT_TEAM = UW69ZFFDZJ;
				INFOPLIST_FILE = SegueanddelegateSwiftUITests/Info.plist;
				LD_RUNPATH_SEARCH_PATHS = "$(inherited) @executable_path/Frameworks @loader_path/Frameworks";
				PRODUCT_BUNDLE_IDENTIFIER = com.techbeyond.SegueanddelegateSwiftUITests;
				PRODUCT_NAME = "$(TARGET_NAME)";
				SWIFT_VERSION = 3.0;
				TEST_TARGET_NAME = SegueanddelegateSwift;
			};
			name = Release;
		};
/* End XCBuildConfiguration section */

/* Begin XCConfigurationList section */
		CA7F89711E56BD7000D02938 /* Build configuration list for PBXProject "SegueanddelegateSwift" */ = {
			isa = XCConfigurationList;
			buildConfigurations = (
				CA7F899C1E56BD7000D02938 /* Debug */,
				CA7F899D1E56BD7000D02938 /* Release */,
			);
			defaultConfigurationIsVisible = 0;
			defaultConfigurationName = Release;
		};
		CA7F899E1E56BD7000D02938 /* Build configuration list for PBXNativeTarget "SegueanddelegateSwift" */ = {
			isa = XCConfigurationList;
			buildConfigurations = (
				CA7F899F1E56BD7000D02938 /* Debug */,
				CA7F89A01E56BD7000D02938 /* Release */,
			);
			defaultConfigurationIsVisible = 0;
		};
		CA7F89A11E56BD7000D02938 /* Build configuration list for PBXNativeTarget "SegueanddelegateSwiftTests" */ = {
			isa = XCConfigurationList;
			buildConfigurations = (
				CA7F89A21E56BD7000D02938 /* Debug */,
				CA7F89A31E56BD7000D02938 /* Release */,
			);
			defaultConfigurationIsVisible = 0;
		};
		CA7F89A41E56BD7000D02938 /* Build configuration list for PBXNativeTarget "SegueanddelegateSwiftUITests" */ = {
			isa = XCConfigurationList;
			buildConfigurations = (
				CA7F89A51E56BD7000D02938 /* Debug */,
				CA7F89A61E56BD7000D02938 /* Release */,
			);
			defaultConfigurationIsVisible = 0;
		};
/* End XCConfigurationList section */
	};
	rootObject = CA7F896E1E56BD7000D02938 /* Project object */;
}
